<?xml version="1.0" encoding="utf-8"?>
<Project ToolsVersion="4.0" xmlns="http://schemas.microsoft.com/developer/msbuild/2003">
  <ItemGroup>
    <Filter Include="Statistic">
      <UniqueIdentifier>{2b2533cf-72b9-4108-82c1-0824a726d233}</UniqueIdentifier>
    </Filter>
    <Filter Include="Base">
      <UniqueIdentifier>{9c2d3fad-c74a-4b65-8c7c-8a27f4ef178b}</UniqueIdentifier>
    </Filter>
  </ItemGroup>
  <ItemGroup>
    <ClCompile Include="Statistic.cpp">
      <Filter>Statistic</Filter>
    </ClCompile>
    <ClCompile Include="Statistic_Load.cpp">
      <Filter>Statistic</Filter>
    </ClCompile>
    <ClCompile Include="Statistic_Save.cpp">
      <Filter>Statistic</Filter>
    </ClCompile>
    <ClCompile Include="DbgOut.cpp">
      <Filter>Base</Filter>
    </ClCompile>
    <ClCompile Include="stdafx.cpp">
      <Filter>Base</Filter>
    </ClCompile>
    <ClCompile Include="xrStatisticConvert.cpp">
      <Filter>Base</Filter>
    </ClCompile>
  </ItemGroup>
  <ItemGroup>
    <ClInclude Include="Statistic.h">
      <Filter>Statistic</Filter>
    </ClInclude>
    <ClInclude Include="Definitions.h">
      <Filter>Base</Filter>
    </ClInclude>
    <ClInclude Include="stdafx.h">
      <Filter>Base</Filter>
    </ClInclude>
  </ItemGroup>
</Project>